// !$*UTF8*$!
{
	archiveVersion = 1;
	classes = {
	};
	objectVersion = 51;
	objects = {

/* Begin PBXBuildFile section */
		0319C5EEBC15C2958697F187 /* Pods_AppChallengeTests.framework in Frameworks */ = {isa = PBXBuildFile; fileRef = 9407C84CF7AB110568891C25 /* Pods_AppChallengeTests.framework */; };
		10740CD0263B01DE004DF4E6 /* Localizable.strings in Resources */ = {isa = PBXBuildFile; fileRef = 10740CCF263B01DE004DF4E6 /* Localizable.strings */; };
		10740CD5263B0B04004DF4E6 /* BaseViewController.swift in Sources */ = {isa = PBXBuildFile; fileRef = 10740CD4263B0B04004DF4E6 /* BaseViewController.swift */; };
		10740CDA263B0B86004DF4E6 /* UIAlertController+.swift in Sources */ = {isa = PBXBuildFile; fileRef = 10740CD9263B0B86004DF4E6 /* UIAlertController+.swift */; };
		10740CE0263B0D0E004DF4E6 /* DatabaseManager.swift in Sources */ = {isa = PBXBuildFile; fileRef = 10740CDF263B0D0E004DF4E6 /* DatabaseManager.swift */; };
		10740CFA263B13F3004DF4E6 /* Person.swift in Sources */ = {isa = PBXBuildFile; fileRef = 10740CF9263B13F3004DF4E6 /* Person.swift */; };
		10740D18263B1DC5004DF4E6 /* WebService.swift in Sources */ = {isa = PBXBuildFile; fileRef = 10740D17263B1DC5004DF4E6 /* WebService.swift */; };
		10740D20263B1DFB004DF4E6 /* WebServiceError.swift in Sources */ = {isa = PBXBuildFile; fileRef = 10740D1F263B1DFB004DF4E6 /* WebServiceError.swift */; };
		10740D2B263B1E31004DF4E6 /* APIErrorResponse.swift in Sources */ = {isa = PBXBuildFile; fileRef = 10740D2A263B1E31004DF4E6 /* APIErrorResponse.swift */; };
		10740D33263B1F4D004DF4E6 /* HomeAPI.swift in Sources */ = {isa = PBXBuildFile; fileRef = 10740D32263B1F4D004DF4E6 /* HomeAPI.swift */; };
		10740D3E263B1FB5004DF4E6 /* APIConstants.swift in Sources */ = {isa = PBXBuildFile; fileRef = 10740D3D263B1FB5004DF4E6 /* APIConstants.swift */; };
		10740D46263B20AC004DF4E6 /* HomeWebServiceType.swift in Sources */ = {isa = PBXBuildFile; fileRef = 10740D45263B20AC004DF4E6 /* HomeWebServiceType.swift */; };
		10740D4E263B2101004DF4E6 /* UserResponse.swift in Sources */ = {isa = PBXBuildFile; fileRef = 10740D4D263B2101004DF4E6 /* UserResponse.swift */; };
		10740D56263B24AB004DF4E6 /* UserViewController.swift in Sources */ = {isa = PBXBuildFile; fileRef = 10740D55263B24AB004DF4E6 /* UserViewController.swift */; };
		10740D60263B24DA004DF4E6 /* UserViewModel.swift in Sources */ = {isa = PBXBuildFile; fileRef = 10740D5F263B24DA004DF4E6 /* UserViewModel.swift */; };
		10740D65263B24EA004DF4E6 /* UserDetailsViewModel.swift in Sources */ = {isa = PBXBuildFile; fileRef = 10740D64263B24EA004DF4E6 /* UserDetailsViewModel.swift */; };
		10740D6B263B25D9004DF4E6 /* HomeAssembly.swift in Sources */ = {isa = PBXBuildFile; fileRef = 10740D6A263B25D9004DF4E6 /* HomeAssembly.swift */; };
		10740D70263B2600004DF4E6 /* ServicesAssembly.swift in Sources */ = {isa = PBXBuildFile; fileRef = 10740D6F263B2600004DF4E6 /* ServicesAssembly.swift */; };
		10740D78263B26E0004DF4E6 /* UserNavigationController.swift in Sources */ = {isa = PBXBuildFile; fileRef = 10740D77263B26E0004DF4E6 /* UserNavigationController.swift */; };
		10740D7D263B2CF4004DF4E6 /* AppInfoHelper.swift in Sources */ = {isa = PBXBuildFile; fileRef = 10740D7C263B2CF4004DF4E6 /* AppInfoHelper.swift */; };
		10740D9C263B2E9E004DF4E6 /* Home.storyboard in Resources */ = {isa = PBXBuildFile; fileRef = 10740D0E263B1CD4004DF4E6 /* Home.storyboard */; };
		10740DB6263B2FE1004DF4E6 /* Login.storyboard in Resources */ = {isa = PBXBuildFile; fileRef = 107D075D2639B21C00F2BCCC /* Login.storyboard */; };
		10740DD4263B3741004DF4E6 /* UserSectionModel.swift in Sources */ = {isa = PBXBuildFile; fileRef = 10740DD3263B3741004DF4E6 /* UserSectionModel.swift */; };
		10740DDD263B37E1004DF4E6 /* UserTableViewCell.swift in Sources */ = {isa = PBXBuildFile; fileRef = 10740DDB263B37E1004DF4E6 /* UserTableViewCell.swift */; };
		10740DDE263B37E1004DF4E6 /* UserTableViewCell.xib in Resources */ = {isa = PBXBuildFile; fileRef = 10740DDC263B37E1004DF4E6 /* UserTableViewCell.xib */; };
		10740DEA263B382B004DF4E6 /* UserTableCellViewModel.swift in Sources */ = {isa = PBXBuildFile; fileRef = 10740DE9263B382B004DF4E6 /* UserTableCellViewModel.swift */; };
		107D07242639B1C300F2BCCC /* AppDelegate.swift in Sources */ = {isa = PBXBuildFile; fileRef = 107D07232639B1C300F2BCCC /* AppDelegate.swift */; };
		107D072D2639B1C500F2BCCC /* Assets.xcassets in Resources */ = {isa = PBXBuildFile; fileRef = 107D072C2639B1C500F2BCCC /* Assets.xcassets */; };
		107D07302639B1C500F2BCCC /* LaunchScreen.storyboard in Resources */ = {isa = PBXBuildFile; fileRef = 107D072E2639B1C500F2BCCC /* LaunchScreen.storyboard */; };
		107D07462639B1C500F2BCCC /* AppChallengeUITests.swift in Sources */ = {isa = PBXBuildFile; fileRef = 107D07452639B1C500F2BCCC /* AppChallengeUITests.swift */; };
		107D07632639B24000F2BCCC /* LoginViewController.swift in Sources */ = {isa = PBXBuildFile; fileRef = 107D07622639B24000F2BCCC /* LoginViewController.swift */; };
		107D07862639B50600F2BCCC /* TextFieldView.swift in Sources */ = {isa = PBXBuildFile; fileRef = 107D07852639B50600F2BCCC /* TextFieldView.swift */; };
		107D078B2639B51200F2BCCC /* TextFieldView.xib in Resources */ = {isa = PBXBuildFile; fileRef = 107D078A2639B51200F2BCCC /* TextFieldView.xib */; };
		107D07912639B58600F2BCCC /* Color.xcassets in Resources */ = {isa = PBXBuildFile; fileRef = 107D07902639B58600F2BCCC /* Color.xcassets */; };
		107D079F2639B62400F2BCCC /* Lato-Italic.ttf in Resources */ = {isa = PBXBuildFile; fileRef = 107D07992639B62400F2BCCC /* Lato-Italic.ttf */; };
		107D07A02639B62400F2BCCC /* Lato-BoldItalic.ttf in Resources */ = {isa = PBXBuildFile; fileRef = 107D079A2639B62400F2BCCC /* Lato-BoldItalic.ttf */; };
		107D07A12639B62400F2BCCC /* Lato-LightItalic.ttf in Resources */ = {isa = PBXBuildFile; fileRef = 107D079B2639B62400F2BCCC /* Lato-LightItalic.ttf */; };
		107D07A22639B62400F2BCCC /* Lato-Regular.ttf in Resources */ = {isa = PBXBuildFile; fileRef = 107D079C2639B62400F2BCCC /* Lato-Regular.ttf */; };
		107D07A32639B62400F2BCCC /* Lato-Light.ttf in Resources */ = {isa = PBXBuildFile; fileRef = 107D079D2639B62400F2BCCC /* Lato-Light.ttf */; };
		107D07A42639B62400F2BCCC /* Lato-Bold.ttf in Resources */ = {isa = PBXBuildFile; fileRef = 107D079E2639B62400F2BCCC /* Lato-Bold.ttf */; };
		107D07AB2639B68900F2BCCC /* NibLoadable.swift in Sources */ = {isa = PBXBuildFile; fileRef = 107D07A92639B68900F2BCCC /* NibLoadable.swift */; };
		107D07AC2639B68900F2BCCC /* BindableType.swift in Sources */ = {isa = PBXBuildFile; fileRef = 107D07AA2639B68900F2BCCC /* BindableType.swift */; };
		107D07BB2639C34C00F2BCCC /* R.generated.swift in Sources */ = {isa = PBXBuildFile; fileRef = 107D07BA2639C34C00F2BCCC /* R.generated.swift */; };
		107D07C22639C3BF00F2BCCC /* SharedAssembler.swift in Sources */ = {isa = PBXBuildFile; fileRef = 107D07C12639C3BF00F2BCCC /* SharedAssembler.swift */; };
		107D07CA2639C3EE00F2BCCC /* LoginAssembly.swift in Sources */ = {isa = PBXBuildFile; fileRef = 107D07C92639C3EE00F2BCCC /* LoginAssembly.swift */; };
		107D07CF2639C48100F2BCCC /* Scene.swift in Sources */ = {isa = PBXBuildFile; fileRef = 107D07CE2639C48100F2BCCC /* Scene.swift */; };
		107D07D42639C49500F2BCCC /* Scene+UIViewController.swift in Sources */ = {isa = PBXBuildFile; fileRef = 107D07D32639C49500F2BCCC /* Scene+UIViewController.swift */; };
		107D07DD2639C53B00F2BCCC /* LoginViewModel.swift in Sources */ = {isa = PBXBuildFile; fileRef = 107D07DC2639C53B00F2BCCC /* LoginViewModel.swift */; };
		107D07EA2639C76900F2BCCC /* TextFieldViewModel.swift in Sources */ = {isa = PBXBuildFile; fileRef = 107D07E92639C76900F2BCCC /* TextFieldViewModel.swift */; };
		107D07F02639C80A00F2BCCC /* UIView+.swift in Sources */ = {isa = PBXBuildFile; fileRef = 107D07EF2639C80A00F2BCCC /* UIView+.swift */; };
		92B90976310199784FD9399C /* Pods_AppChallenge.framework in Frameworks */ = {isa = PBXBuildFile; fileRef = 31EF7DC08E2F5E97681D71CA /* Pods_AppChallenge.framework */; };
		9E6A60749137E5F0A175BE90 /* Pods_AppChallengeUITests.framework in Frameworks */ = {isa = PBXBuildFile; fileRef = 8933EFC337558023FBF27E80 /* Pods_AppChallengeUITests.framework */; };
/* End PBXBuildFile section */

/* Begin PBXContainerItemProxy section */
		107D07372639B1C500F2BCCC /* PBXContainerItemProxy */ = {
			isa = PBXContainerItemProxy;
			containerPortal = 107D07182639B1C300F2BCCC /* Project object */;
			proxyType = 1;
			remoteGlobalIDString = 107D071F2639B1C300F2BCCC;
			remoteInfo = AppChallenge;
		};
		107D07422639B1C500F2BCCC /* PBXContainerItemProxy */ = {
			isa = PBXContainerItemProxy;
			containerPortal = 107D07182639B1C300F2BCCC /* Project object */;
			proxyType = 1;
			remoteGlobalIDString = 107D071F2639B1C300F2BCCC;
			remoteInfo = AppChallenge;
		};
/* End PBXContainerItemProxy section */

/* Begin PBXFileReference section */
		10740CCF263B01DE004DF4E6 /* Localizable.strings */ = {isa = PBXFileReference; lastKnownFileType = text.plist.strings; path = Localizable.strings; sourceTree = "<group>"; };
		10740CD4263B0B04004DF4E6 /* BaseViewController.swift */ = {isa = PBXFileReference; lastKnownFileType = sourcecode.swift; path = BaseViewController.swift; sourceTree = "<group>"; };
		10740CD9263B0B86004DF4E6 /* UIAlertController+.swift */ = {isa = PBXFileReference; lastKnownFileType = sourcecode.swift; path = "UIAlertController+.swift"; sourceTree = "<group>"; };
		10740CDF263B0D0E004DF4E6 /* DatabaseManager.swift */ = {isa = PBXFileReference; lastKnownFileType = sourcecode.swift; path = DatabaseManager.swift; sourceTree = "<group>"; };
		10740CF9263B13F3004DF4E6 /* Person.swift */ = {isa = PBXFileReference; lastKnownFileType = sourcecode.swift; path = Person.swift; sourceTree = "<group>"; };
		10740D0E263B1CD4004DF4E6 /* Home.storyboard */ = {isa = PBXFileReference; lastKnownFileType = file.storyboard; path = Home.storyboard; sourceTree = "<group>"; };
		10740D17263B1DC5004DF4E6 /* WebService.swift */ = {isa = PBXFileReference; lastKnownFileType = sourcecode.swift; path = WebService.swift; sourceTree = "<group>"; };
		10740D1F263B1DFB004DF4E6 /* WebServiceError.swift */ = {isa = PBXFileReference; lastKnownFileType = sourcecode.swift; path = WebServiceError.swift; sourceTree = "<group>"; };
		10740D2A263B1E31004DF4E6 /* APIErrorResponse.swift */ = {isa = PBXFileReference; lastKnownFileType = sourcecode.swift; path = APIErrorResponse.swift; sourceTree = "<group>"; };
		10740D32263B1F4D004DF4E6 /* HomeAPI.swift */ = {isa = PBXFileReference; lastKnownFileType = sourcecode.swift; path = HomeAPI.swift; sourceTree = "<group>"; };
		10740D3D263B1FB5004DF4E6 /* APIConstants.swift */ = {isa = PBXFileReference; lastKnownFileType = sourcecode.swift; path = APIConstants.swift; sourceTree = "<group>"; };
		10740D45263B20AC004DF4E6 /* HomeWebServiceType.swift */ = {isa = PBXFileReference; lastKnownFileType = sourcecode.swift; path = HomeWebServiceType.swift; sourceTree = "<group>"; };
		10740D4D263B2101004DF4E6 /* UserResponse.swift */ = {isa = PBXFileReference; lastKnownFileType = sourcecode.swift; path = UserResponse.swift; sourceTree = "<group>"; };
		10740D55263B24AB004DF4E6 /* UserViewController.swift */ = {isa = PBXFileReference; lastKnownFileType = sourcecode.swift; path = UserViewController.swift; sourceTree = "<group>"; };
		10740D5F263B24DA004DF4E6 /* UserViewModel.swift */ = {isa = PBXFileReference; lastKnownFileType = sourcecode.swift; path = UserViewModel.swift; sourceTree = "<group>"; };
		10740D64263B24EA004DF4E6 /* UserDetailsViewModel.swift */ = {isa = PBXFileReference; lastKnownFileType = sourcecode.swift; path = UserDetailsViewModel.swift; sourceTree = "<group>"; };
		10740D6A263B25D9004DF4E6 /* HomeAssembly.swift */ = {isa = PBXFileReference; lastKnownFileType = sourcecode.swift; path = HomeAssembly.swift; sourceTree = "<group>"; };
		10740D6F263B2600004DF4E6 /* ServicesAssembly.swift */ = {isa = PBXFileReference; lastKnownFileType = sourcecode.swift; path = ServicesAssembly.swift; sourceTree = "<group>"; };
		10740D77263B26E0004DF4E6 /* UserNavigationController.swift */ = {isa = PBXFileReference; lastKnownFileType = sourcecode.swift; path = UserNavigationController.swift; sourceTree = "<group>"; };
		10740D7C263B2CF4004DF4E6 /* AppInfoHelper.swift */ = {isa = PBXFileReference; lastKnownFileType = sourcecode.swift; path = AppInfoHelper.swift; sourceTree = "<group>"; };
		10740DD3263B3741004DF4E6 /* UserSectionModel.swift */ = {isa = PBXFileReference; lastKnownFileType = sourcecode.swift; path = UserSectionModel.swift; sourceTree = "<group>"; };
		10740DDB263B37E1004DF4E6 /* UserTableViewCell.swift */ = {isa = PBXFileReference; lastKnownFileType = sourcecode.swift; path = UserTableViewCell.swift; sourceTree = "<group>"; };
		10740DDC263B37E1004DF4E6 /* UserTableViewCell.xib */ = {isa = PBXFileReference; lastKnownFileType = file.xib; path = UserTableViewCell.xib; sourceTree = "<group>"; };
		10740DE9263B382B004DF4E6 /* UserTableCellViewModel.swift */ = {isa = PBXFileReference; lastKnownFileType = sourcecode.swift; path = UserTableCellViewModel.swift; sourceTree = "<group>"; };
		107D07202639B1C300F2BCCC /* AppChallenge.app */ = {isa = PBXFileReference; explicitFileType = wrapper.application; includeInIndex = 0; path = AppChallenge.app; sourceTree = BUILT_PRODUCTS_DIR; };
		107D07232639B1C300F2BCCC /* AppDelegate.swift */ = {isa = PBXFileReference; lastKnownFileType = sourcecode.swift; path = AppDelegate.swift; sourceTree = "<group>"; };
		107D072C2639B1C500F2BCCC /* Assets.xcassets */ = {isa = PBXFileReference; lastKnownFileType = folder.assetcatalog; path = Assets.xcassets; sourceTree = "<group>"; };
		107D072F2639B1C500F2BCCC /* Base */ = {isa = PBXFileReference; lastKnownFileType = file.storyboard; name = Base; path = Base.lproj/LaunchScreen.storyboard; sourceTree = "<group>"; };
		107D07312639B1C500F2BCCC /* Info.plist */ = {isa = PBXFileReference; lastKnownFileType = text.plist.xml; path = Info.plist; sourceTree = "<group>"; };
		107D07362639B1C500F2BCCC /* AppChallengeTests.xctest */ = {isa = PBXFileReference; explicitFileType = wrapper.cfbundle; includeInIndex = 0; path = AppChallengeTests.xctest; sourceTree = BUILT_PRODUCTS_DIR; };
		107D07412639B1C500F2BCCC /* AppChallengeUITests.xctest */ = {isa = PBXFileReference; explicitFileType = wrapper.cfbundle; includeInIndex = 0; path = AppChallengeUITests.xctest; sourceTree = BUILT_PRODUCTS_DIR; };
		107D07452639B1C500F2BCCC /* AppChallengeUITests.swift */ = {isa = PBXFileReference; lastKnownFileType = sourcecode.swift; path = AppChallengeUITests.swift; sourceTree = "<group>"; };
		107D07472639B1C500F2BCCC /* Info.plist */ = {isa = PBXFileReference; lastKnownFileType = text.plist.xml; path = Info.plist; sourceTree = "<group>"; };
		107D075D2639B21C00F2BCCC /* Login.storyboard */ = {isa = PBXFileReference; lastKnownFileType = file.storyboard; path = Login.storyboard; sourceTree = "<group>"; };
		107D07622639B24000F2BCCC /* LoginViewController.swift */ = {isa = PBXFileReference; lastKnownFileType = sourcecode.swift; path = LoginViewController.swift; sourceTree = "<group>"; };
		107D07852639B50600F2BCCC /* TextFieldView.swift */ = {isa = PBXFileReference; lastKnownFileType = sourcecode.swift; path = TextFieldView.swift; sourceTree = "<group>"; };
		107D078A2639B51200F2BCCC /* TextFieldView.xib */ = {isa = PBXFileReference; lastKnownFileType = file.xib; path = TextFieldView.xib; sourceTree = "<group>"; };
		107D07902639B58600F2BCCC /* Color.xcassets */ = {isa = PBXFileReference; lastKnownFileType = folder.assetcatalog; path = Color.xcassets; sourceTree = "<group>"; };
		107D07992639B62400F2BCCC /* Lato-Italic.ttf */ = {isa = PBXFileReference; lastKnownFileType = file; path = "Lato-Italic.ttf"; sourceTree = "<group>"; };
		107D079A2639B62400F2BCCC /* Lato-BoldItalic.ttf */ = {isa = PBXFileReference; lastKnownFileType = file; path = "Lato-BoldItalic.ttf"; sourceTree = "<group>"; };
		107D079B2639B62400F2BCCC /* Lato-LightItalic.ttf */ = {isa = PBXFileReference; lastKnownFileType = file; path = "Lato-LightItalic.ttf"; sourceTree = "<group>"; };
		107D079C2639B62400F2BCCC /* Lato-Regular.ttf */ = {isa = PBXFileReference; lastKnownFileType = file; path = "Lato-Regular.ttf"; sourceTree = "<group>"; };
		107D079D2639B62400F2BCCC /* Lato-Light.ttf */ = {isa = PBXFileReference; lastKnownFileType = file; path = "Lato-Light.ttf"; sourceTree = "<group>"; };
		107D079E2639B62400F2BCCC /* Lato-Bold.ttf */ = {isa = PBXFileReference; lastKnownFileType = file; path = "Lato-Bold.ttf"; sourceTree = "<group>"; };
		107D07A92639B68900F2BCCC /* NibLoadable.swift */ = {isa = PBXFileReference; fileEncoding = 4; lastKnownFileType = sourcecode.swift; name = NibLoadable.swift; path = AppChallenge/Protocols/NibLoadable.swift; sourceTree = SOURCE_ROOT; };
		107D07AA2639B68900F2BCCC /* BindableType.swift */ = {isa = PBXFileReference; fileEncoding = 4; lastKnownFileType = sourcecode.swift; name = BindableType.swift; path = AppChallenge/Protocols/BindableType.swift; sourceTree = SOURCE_ROOT; };
		107D07BA2639C34C00F2BCCC /* R.generated.swift */ = {isa = PBXFileReference; fileEncoding = 4; lastKnownFileType = sourcecode.swift; path = R.generated.swift; sourceTree = SOURCE_ROOT; };
		107D07C12639C3BF00F2BCCC /* SharedAssembler.swift */ = {isa = PBXFileReference; lastKnownFileType = sourcecode.swift; path = SharedAssembler.swift; sourceTree = "<group>"; };
		107D07C92639C3EE00F2BCCC /* LoginAssembly.swift */ = {isa = PBXFileReference; lastKnownFileType = sourcecode.swift; path = LoginAssembly.swift; sourceTree = "<group>"; };
		107D07CE2639C48100F2BCCC /* Scene.swift */ = {isa = PBXFileReference; lastKnownFileType = sourcecode.swift; path = Scene.swift; sourceTree = "<group>"; };
		107D07D32639C49500F2BCCC /* Scene+UIViewController.swift */ = {isa = PBXFileReference; lastKnownFileType = sourcecode.swift; path = "Scene+UIViewController.swift"; sourceTree = "<group>"; };
		107D07DC2639C53B00F2BCCC /* LoginViewModel.swift */ = {isa = PBXFileReference; lastKnownFileType = sourcecode.swift; path = LoginViewModel.swift; sourceTree = "<group>"; };
		107D07E92639C76900F2BCCC /* TextFieldViewModel.swift */ = {isa = PBXFileReference; lastKnownFileType = sourcecode.swift; path = TextFieldViewModel.swift; sourceTree = "<group>"; };
		107D07EF2639C80A00F2BCCC /* UIView+.swift */ = {isa = PBXFileReference; lastKnownFileType = sourcecode.swift; path = "UIView+.swift"; sourceTree = "<group>"; };
		1D548C5677875133D4A1E320 /* Pods-AppChallengeTests.debug.xcconfig */ = {isa = PBXFileReference; includeInIndex = 1; lastKnownFileType = text.xcconfig; name = "Pods-AppChallengeTests.debug.xcconfig"; path = "Target Support Files/Pods-AppChallengeTests/Pods-AppChallengeTests.debug.xcconfig"; sourceTree = "<group>"; };
		31EF7DC08E2F5E97681D71CA /* Pods_AppChallenge.framework */ = {isa = PBXFileReference; explicitFileType = wrapper.framework; includeInIndex = 0; path = Pods_AppChallenge.framework; sourceTree = BUILT_PRODUCTS_DIR; };
		7AFB0FD78BB59900D55F62A6 /* Pods-AppChallengeTests.release.xcconfig */ = {isa = PBXFileReference; includeInIndex = 1; lastKnownFileType = text.xcconfig; name = "Pods-AppChallengeTests.release.xcconfig"; path = "Target Support Files/Pods-AppChallengeTests/Pods-AppChallengeTests.release.xcconfig"; sourceTree = "<group>"; };
		8933EFC337558023FBF27E80 /* Pods_AppChallengeUITests.framework */ = {isa = PBXFileReference; explicitFileType = wrapper.framework; includeInIndex = 0; path = Pods_AppChallengeUITests.framework; sourceTree = BUILT_PRODUCTS_DIR; };
		8DB82F5EBF47E109D4CA6258 /* Pods-AppChallenge-AppChallengeUITests.debug.xcconfig */ = {isa = PBXFileReference; includeInIndex = 1; lastKnownFileType = text.xcconfig; name = "Pods-AppChallenge-AppChallengeUITests.debug.xcconfig"; path = "Target Support Files/Pods-AppChallenge-AppChallengeUITests/Pods-AppChallenge-AppChallengeUITests.debug.xcconfig"; sourceTree = "<group>"; };
		8EC6047EE0109D28AE0ECDC1 /* Pods-AppChallenge-AppChallengeUITests.release.xcconfig */ = {isa = PBXFileReference; includeInIndex = 1; lastKnownFileType = text.xcconfig; name = "Pods-AppChallenge-AppChallengeUITests.release.xcconfig"; path = "Target Support Files/Pods-AppChallenge-AppChallengeUITests/Pods-AppChallenge-AppChallengeUITests.release.xcconfig"; sourceTree = "<group>"; };
		939BAA715CF1EBC34EAF69D7 /* Pods-AppChallenge.debug.xcconfig */ = {isa = PBXFileReference; includeInIndex = 1; lastKnownFileType = text.xcconfig; name = "Pods-AppChallenge.debug.xcconfig"; path = "Target Support Files/Pods-AppChallenge/Pods-AppChallenge.debug.xcconfig"; sourceTree = "<group>"; };
		9407C84CF7AB110568891C25 /* Pods_AppChallengeTests.framework */ = {isa = PBXFileReference; explicitFileType = wrapper.framework; includeInIndex = 0; path = Pods_AppChallengeTests.framework; sourceTree = BUILT_PRODUCTS_DIR; };
		A713209B406B8546B91AED01 /* Pods-AppChallengeUITests.release.xcconfig */ = {isa = PBXFileReference; includeInIndex = 1; lastKnownFileType = text.xcconfig; name = "Pods-AppChallengeUITests.release.xcconfig"; path = "Target Support Files/Pods-AppChallengeUITests/Pods-AppChallengeUITests.release.xcconfig"; sourceTree = "<group>"; };
		B41455EC4670C48E8006950B /* Pods-AppChallenge.release.xcconfig */ = {isa = PBXFileReference; includeInIndex = 1; lastKnownFileType = text.xcconfig; name = "Pods-AppChallenge.release.xcconfig"; path = "Target Support Files/Pods-AppChallenge/Pods-AppChallenge.release.xcconfig"; sourceTree = "<group>"; };
		B6F8268DB5E7A52400CAED0C /* Pods-AppChallengeUITests.debug.xcconfig */ = {isa = PBXFileReference; includeInIndex = 1; lastKnownFileType = text.xcconfig; name = "Pods-AppChallengeUITests.debug.xcconfig"; path = "Target Support Files/Pods-AppChallengeUITests/Pods-AppChallengeUITests.debug.xcconfig"; sourceTree = "<group>"; };
/* End PBXFileReference section */

/* Begin PBXFrameworksBuildPhase section */
		107D071D2639B1C300F2BCCC /* Frameworks */ = {
			isa = PBXFrameworksBuildPhase;
			buildActionMask = 2147483647;
			files = (
				92B90976310199784FD9399C /* Pods_AppChallenge.framework in Frameworks */,
			);
			runOnlyForDeploymentPostprocessing = 0;
		};
		107D07332639B1C500F2BCCC /* Frameworks */ = {
			isa = PBXFrameworksBuildPhase;
			buildActionMask = 2147483647;
			files = (
				0319C5EEBC15C2958697F187 /* Pods_AppChallengeTests.framework in Frameworks */,
			);
			runOnlyForDeploymentPostprocessing = 0;
		};
		107D073E2639B1C500F2BCCC /* Frameworks */ = {
			isa = PBXFrameworksBuildPhase;
			buildActionMask = 2147483647;
			files = (
				9E6A60749137E5F0A175BE90 /* Pods_AppChallengeUITests.framework in Frameworks */,
			);
			runOnlyForDeploymentPostprocessing = 0;
		};
/* End PBXFrameworksBuildPhase section */

/* Begin PBXGroup section */
		10740CDE263B0CFC004DF4E6 /* Services */ = {
			isa = PBXGroup;
			children = (
				10740D14263B1D60004DF4E6 /* Database */,
				10740D15263B1D75004DF4E6 /* API */,
			);
			path = Services;
			sourceTree = "<group>";
		};
		10740D13263B1D56004DF4E6 /* Responses */ = {
			isa = PBXGroup;
			children = (
				10740D4D263B2101004DF4E6 /* UserResponse.swift */,
			);
			path = Responses;
			sourceTree = "<group>";
		};
		10740D14263B1D60004DF4E6 /* Database */ = {
			isa = PBXGroup;
			children = (
				10740CDF263B0D0E004DF4E6 /* DatabaseManager.swift */,
				10740CF9263B13F3004DF4E6 /* Person.swift */,
			);
			path = Database;
			sourceTree = "<group>";
		};
		10740D15263B1D75004DF4E6 /* API */ = {
			isa = PBXGroup;
			children = (
				10740D3D263B1FB5004DF4E6 /* APIConstants.swift */,
				10740D17263B1DC5004DF4E6 /* WebService.swift */,
				10740D1F263B1DFB004DF4E6 /* WebServiceError.swift */,
				10740D2A263B1E31004DF4E6 /* APIErrorResponse.swift */,
				10740D32263B1F4D004DF4E6 /* HomeAPI.swift */,
				10740D16263B1D7B004DF4E6 /* WebServiceTypes */,
				10740D13263B1D56004DF4E6 /* Responses */,
			);
			path = API;
			sourceTree = "<group>";
		};
		10740D16263B1D7B004DF4E6 /* WebServiceTypes */ = {
			isa = PBXGroup;
			children = (
				10740D45263B20AC004DF4E6 /* HomeWebServiceType.swift */,
			);
			path = WebServiceTypes;
			sourceTree = "<group>";
		};
		10740DD8263B3752004DF4E6 /* ViewControllers */ = {
			isa = PBXGroup;
			children = (
				10740D77263B26E0004DF4E6 /* UserNavigationController.swift */,
				10740D55263B24AB004DF4E6 /* UserViewController.swift */,
			);
			path = ViewControllers;
			sourceTree = "<group>";
		};
		10740DD9263B3769004DF4E6 /* ViewModel */ = {
			isa = PBXGroup;
			children = (
				10740DD3263B3741004DF4E6 /* UserSectionModel.swift */,
				10740D5F263B24DA004DF4E6 /* UserViewModel.swift */,
				10740D64263B24EA004DF4E6 /* UserDetailsViewModel.swift */,
				10740DDA263B3780004DF4E6 /* CellViewModels */,
			);
			path = ViewModel;
			sourceTree = "<group>";
		};
		10740DDA263B3780004DF4E6 /* CellViewModels */ = {
			isa = PBXGroup;
			children = (
				10740DE9263B382B004DF4E6 /* UserTableCellViewModel.swift */,
			);
			path = CellViewModels;
			sourceTree = "<group>";
		};
		10740DE5263B37E8004DF4E6 /* Views */ = {
			isa = PBXGroup;
			children = (
				10740DDB263B37E1004DF4E6 /* UserTableViewCell.swift */,
				10740DDC263B37E1004DF4E6 /* UserTableViewCell.xib */,
			);
			path = Views;
			sourceTree = "<group>";
		};
		107D07172639B1C300F2BCCC = {
			isa = PBXGroup;
			children = (
				107D07222639B1C300F2BCCC /* AppChallenge */,
				107D07442639B1C500F2BCCC /* AppChallengeUITests */,
				107D07212639B1C300F2BCCC /* Products */,
				2862FB44BDD02933F63B480C /* Pods */,
				AA0B0741015B8DB013C987F2 /* Frameworks */,
			);
			sourceTree = "<group>";
		};
		107D07212639B1C300F2BCCC /* Products */ = {
			isa = PBXGroup;
			children = (
				107D07202639B1C300F2BCCC /* AppChallenge.app */,
				107D07362639B1C500F2BCCC /* AppChallengeTests.xctest */,
				107D07412639B1C500F2BCCC /* AppChallengeUITests.xctest */,
			);
			name = Products;
			sourceTree = "<group>";
		};
		107D07222639B1C300F2BCCC /* AppChallenge */ = {
			isa = PBXGroup;
			children = (
				107D07572639B1EA00F2BCCC /* Features */,
				10740CDE263B0CFC004DF4E6 /* Services */,
				107D07BF2639C39800F2BCCC /* Utilities */,
				107D07A82639B66700F2BCCC /* Protocols */,
				107D07EE2639C7FF00F2BCCC /* Extensions */,
				107D078F2639B57100F2BCCC /* Resources */,
				107D07232639B1C300F2BCCC /* AppDelegate.swift */,
				107D072E2639B1C500F2BCCC /* LaunchScreen.storyboard */,
				107D07312639B1C500F2BCCC /* Info.plist */,
			);
			path = AppChallenge;
			sourceTree = "<group>";
		};
		107D07442639B1C500F2BCCC /* AppChallengeUITests */ = {
			isa = PBXGroup;
			children = (
				107D07452639B1C500F2BCCC /* AppChallengeUITests.swift */,
				107D07472639B1C500F2BCCC /* Info.plist */,
			);
			path = AppChallengeUITests;
			sourceTree = "<group>";
		};
		107D07572639B1EA00F2BCCC /* Features */ = {
			isa = PBXGroup;
			children = (
				107D07DB2639C51500F2BCCC /* Common */,
				107D075B2639B1F300F2BCCC /* Login */,
				107D075C2639B1F800F2BCCC /* Home */,
			);
			path = Features;
			sourceTree = "<group>";
		};
		107D075B2639B1F300F2BCCC /* Login */ = {
			isa = PBXGroup;
			children = (
				107D075D2639B21C00F2BCCC /* Login.storyboard */,
				107D07622639B24000F2BCCC /* LoginViewController.swift */,
				107D07DC2639C53B00F2BCCC /* LoginViewModel.swift */,
			);
			path = Login;
			sourceTree = "<group>";
		};
		107D075C2639B1F800F2BCCC /* Home */ = {
			isa = PBXGroup;
			children = (
				10740D0E263B1CD4004DF4E6 /* Home.storyboard */,
				10740DD8263B3752004DF4E6 /* ViewControllers */,
				10740DD9263B3769004DF4E6 /* ViewModel */,
				10740DE5263B37E8004DF4E6 /* Views */,
			);
			path = Home;
			sourceTree = "<group>";
		};
		107D078F2639B57100F2BCCC /* Resources */ = {
			isa = PBXGroup;
			children = (
				107D07BA2639C34C00F2BCCC /* R.generated.swift */,
				107D07952639B5FB00F2BCCC /* Fonts */,
				107D072C2639B1C500F2BCCC /* Assets.xcassets */,
				107D07902639B58600F2BCCC /* Color.xcassets */,
				10740CCF263B01DE004DF4E6 /* Localizable.strings */,
			);
			path = Resources;
			sourceTree = "<group>";
		};
		107D07952639B5FB00F2BCCC /* Fonts */ = {
			isa = PBXGroup;
			children = (
				107D079E2639B62400F2BCCC /* Lato-Bold.ttf */,
				107D079A2639B62400F2BCCC /* Lato-BoldItalic.ttf */,
				107D07992639B62400F2BCCC /* Lato-Italic.ttf */,
				107D079D2639B62400F2BCCC /* Lato-Light.ttf */,
				107D079B2639B62400F2BCCC /* Lato-LightItalic.ttf */,
				107D079C2639B62400F2BCCC /* Lato-Regular.ttf */,
			);
			path = Fonts;
			sourceTree = "<group>";
		};
		107D07A82639B66700F2BCCC /* Protocols */ = {
			isa = PBXGroup;
			children = (
				107D07AA2639B68900F2BCCC /* BindableType.swift */,
				107D07A92639B68900F2BCCC /* NibLoadable.swift */,
			);
			path = Protocols;
			sourceTree = "<group>";
		};
		107D07BF2639C39800F2BCCC /* Utilities */ = {
			isa = PBXGroup;
			children = (
				107D07CE2639C48100F2BCCC /* Scene.swift */,
				107D07D32639C49500F2BCCC /* Scene+UIViewController.swift */,
				10740D7C263B2CF4004DF4E6 /* AppInfoHelper.swift */,
				107D07C02639C3A500F2BCCC /* Assembly */,
			);
			path = Utilities;
			sourceTree = "<group>";
		};
		107D07C02639C3A500F2BCCC /* Assembly */ = {
			isa = PBXGroup;
			children = (
				107D07C12639C3BF00F2BCCC /* SharedAssembler.swift */,
				107D07C92639C3EE00F2BCCC /* LoginAssembly.swift */,
				10740D6A263B25D9004DF4E6 /* HomeAssembly.swift */,
				10740D6F263B2600004DF4E6 /* ServicesAssembly.swift */,
			);
			path = Assembly;
			sourceTree = "<group>";
		};
		107D07DB2639C51500F2BCCC /* Common */ = {
			isa = PBXGroup;
			children = (
				107D07852639B50600F2BCCC /* TextFieldView.swift */,
				107D078A2639B51200F2BCCC /* TextFieldView.xib */,
				107D07E92639C76900F2BCCC /* TextFieldViewModel.swift */,
				10740CD4263B0B04004DF4E6 /* BaseViewController.swift */,
			);
			path = Common;
			sourceTree = "<group>";
		};
		107D07EE2639C7FF00F2BCCC /* Extensions */ = {
			isa = PBXGroup;
			children = (
				107D07EF2639C80A00F2BCCC /* UIView+.swift */,
				10740CD9263B0B86004DF4E6 /* UIAlertController+.swift */,
			);
			path = Extensions;
			sourceTree = "<group>";
		};
		2862FB44BDD02933F63B480C /* Pods */ = {
			isa = PBXGroup;
			children = (
				939BAA715CF1EBC34EAF69D7 /* Pods-AppChallenge.debug.xcconfig */,
				B41455EC4670C48E8006950B /* Pods-AppChallenge.release.xcconfig */,
				8DB82F5EBF47E109D4CA6258 /* Pods-AppChallenge-AppChallengeUITests.debug.xcconfig */,
				8EC6047EE0109D28AE0ECDC1 /* Pods-AppChallenge-AppChallengeUITests.release.xcconfig */,
				1D548C5677875133D4A1E320 /* Pods-AppChallengeTests.debug.xcconfig */,
				7AFB0FD78BB59900D55F62A6 /* Pods-AppChallengeTests.release.xcconfig */,
				B6F8268DB5E7A52400CAED0C /* Pods-AppChallengeUITests.debug.xcconfig */,
				A713209B406B8546B91AED01 /* Pods-AppChallengeUITests.release.xcconfig */,
			);
			path = Pods;
			sourceTree = "<group>";
		};
		AA0B0741015B8DB013C987F2 /* Frameworks */ = {
			isa = PBXGroup;
			children = (
				31EF7DC08E2F5E97681D71CA /* Pods_AppChallenge.framework */,
				9407C84CF7AB110568891C25 /* Pods_AppChallengeTests.framework */,
				8933EFC337558023FBF27E80 /* Pods_AppChallengeUITests.framework */,
			);
			name = Frameworks;
			sourceTree = "<group>";
		};
/* End PBXGroup section */

/* Begin PBXNativeTarget section */
		107D071F2639B1C300F2BCCC /* AppChallenge */ = {
			isa = PBXNativeTarget;
			buildConfigurationList = 107D074A2639B1C600F2BCCC /* Build configuration list for PBXNativeTarget "AppChallenge" */;
			buildPhases = (
				552FD8FB8A7FF19A2FAFD365 /* [CP] Check Pods Manifest.lock */,
				107D07B32639C1C100F2BCCC /* R.swift */,
				107D071C2639B1C300F2BCCC /* Sources */,
				107D071D2639B1C300F2BCCC /* Frameworks */,
				107D071E2639B1C300F2BCCC /* Resources */,
				DB50B181EFB9415DA1D27CFF /* [CP] Embed Pods Frameworks */,
			);
			buildRules = (
			);
			dependencies = (
			);
			name = AppChallenge;
			productName = AppChallenge;
			productReference = 107D07202639B1C300F2BCCC /* AppChallenge.app */;
			productType = "com.apple.product-type.application";
		};
		107D07352639B1C500F2BCCC /* AppChallengeTests */ = {
			isa = PBXNativeTarget;
			buildConfigurationList = 107D074D2639B1C600F2BCCC /* Build configuration list for PBXNativeTarget "AppChallengeTests" */;
			buildPhases = (
				FA0239BF72B9D21F27C16593 /* [CP] Check Pods Manifest.lock */,
				107D07322639B1C500F2BCCC /* Sources */,
				107D07332639B1C500F2BCCC /* Frameworks */,
				107D07342639B1C500F2BCCC /* Resources */,
				7DBBA10ACDBD3CAFB207667F /* [CP] Embed Pods Frameworks */,
			);
			buildRules = (
			);
			dependencies = (
				107D07382639B1C500F2BCCC /* PBXTargetDependency */,
			);
			name = AppChallengeTests;
			productName = AppChallengeTests;
			productReference = 107D07362639B1C500F2BCCC /* AppChallengeTests.xctest */;
			productType = "com.apple.product-type.bundle.unit-test";
		};
		107D07402639B1C500F2BCCC /* AppChallengeUITests */ = {
			isa = PBXNativeTarget;
			buildConfigurationList = 107D07502639B1C600F2BCCC /* Build configuration list for PBXNativeTarget "AppChallengeUITests" */;
			buildPhases = (
				9D81354B0FD74C2D8DFA0C31 /* [CP] Check Pods Manifest.lock */,
				107D073D2639B1C500F2BCCC /* Sources */,
				107D073E2639B1C500F2BCCC /* Frameworks */,
				107D073F2639B1C500F2BCCC /* Resources */,
				953A460C8D007F658D4824D6 /* [CP] Embed Pods Frameworks */,
			);
			buildRules = (
			);
			dependencies = (
				107D07432639B1C500F2BCCC /* PBXTargetDependency */,
			);
			name = AppChallengeUITests;
			productName = AppChallengeUITests;
			productReference = 107D07412639B1C500F2BCCC /* AppChallengeUITests.xctest */;
			productType = "com.apple.product-type.bundle.ui-testing";
		};
/* End PBXNativeTarget section */

/* Begin PBXProject section */
		107D07182639B1C300F2BCCC /* Project object */ = {
			isa = PBXProject;
			attributes = {
				LastSwiftUpdateCheck = 1240;
				LastUpgradeCheck = 1240;
				TargetAttributes = {
					107D071F2639B1C300F2BCCC = {
						CreatedOnToolsVersion = 12.4;
					};
					107D07352639B1C500F2BCCC = {
						CreatedOnToolsVersion = 12.4;
						TestTargetID = 107D071F2639B1C300F2BCCC;
					};
					107D07402639B1C500F2BCCC = {
						CreatedOnToolsVersion = 12.4;
						TestTargetID = 107D071F2639B1C300F2BCCC;
					};
				};
			};
			buildConfigurationList = 107D071B2639B1C300F2BCCC /* Build configuration list for PBXProject "AppChallenge" */;
			compatibilityVersion = "Xcode 9.3";
			developmentRegion = en;
			hasScannedForEncodings = 0;
			knownRegions = (
				en,
				Base,
			);
			mainGroup = 107D07172639B1C300F2BCCC;
			productRefGroup = 107D07212639B1C300F2BCCC /* Products */;
			projectDirPath = "";
			projectRoot = "";
			targets = (
				107D071F2639B1C300F2BCCC /* AppChallenge */,
				107D07352639B1C500F2BCCC /* AppChallengeTests */,
				107D07402639B1C500F2BCCC /* AppChallengeUITests */,
			);
		};
/* End PBXProject section */

/* Begin PBXResourcesBuildPhase section */
		107D071E2639B1C300F2BCCC /* Resources */ = {
			isa = PBXResourcesBuildPhase;
			buildActionMask = 2147483647;
			files = (
				10740DB6263B2FE1004DF4E6 /* Login.storyboard in Resources */,
				107D078B2639B51200F2BCCC /* TextFieldView.xib in Resources */,
				10740CD0263B01DE004DF4E6 /* Localizable.strings in Resources */,
				10740D9C263B2E9E004DF4E6 /* Home.storyboard in Resources */,
				107D079F2639B62400F2BCCC /* Lato-Italic.ttf in Resources */,
				107D07A32639B62400F2BCCC /* Lato-Light.ttf in Resources */,
				107D07A02639B62400F2BCCC /* Lato-BoldItalic.ttf in Resources */,
				107D07302639B1C500F2BCCC /* LaunchScreen.storyboard in Resources */,
				107D072D2639B1C500F2BCCC /* Assets.xcassets in Resources */,
				107D07A42639B62400F2BCCC /* Lato-Bold.ttf in Resources */,
				10740DDE263B37E1004DF4E6 /* UserTableViewCell.xib in Resources */,
				107D07A22639B62400F2BCCC /* Lato-Regular.ttf in Resources */,
				107D07A12639B62400F2BCCC /* Lato-LightItalic.ttf in Resources */,
				107D07912639B58600F2BCCC /* Color.xcassets in Resources */,
			);
			runOnlyForDeploymentPostprocessing = 0;
		};
		107D07342639B1C500F2BCCC /* Resources */ = {
			isa = PBXResourcesBuildPhase;
			buildActionMask = 2147483647;
			files = (
			);
			runOnlyForDeploymentPostprocessing = 0;
		};
		107D073F2639B1C500F2BCCC /* Resources */ = {
			isa = PBXResourcesBuildPhase;
			buildActionMask = 2147483647;
			files = (
			);
			runOnlyForDeploymentPostprocessing = 0;
		};
/* End PBXResourcesBuildPhase section */

/* Begin PBXShellScriptBuildPhase section */
		107D07B32639C1C100F2BCCC /* R.swift */ = {
			isa = PBXShellScriptBuildPhase;
			buildActionMask = 2147483647;
			files = (
			);
			inputFileListPaths = (
			);
			inputPaths = (
				"$TEMP_DIR/rswift-lastrun",
			);
			name = R.swift;
			outputFileListPaths = (
			);
			outputPaths = (
				$SRCROOT/R.generated.swift,
			);
			runOnlyForDeploymentPostprocessing = 0;
			shellPath = /bin/sh;
			shellScript = "\"$PODS_ROOT/R.swift/rswift\" generate \"$SRCROOT/R.generated.swift\"\n";
		};
		552FD8FB8A7FF19A2FAFD365 /* [CP] Check Pods Manifest.lock */ = {
			isa = PBXShellScriptBuildPhase;
			buildActionMask = 2147483647;
			files = (
			);
			inputFileListPaths = (
			);
			inputPaths = (
				"${PODS_PODFILE_DIR_PATH}/Podfile.lock",
				"${PODS_ROOT}/Manifest.lock",
			);
			name = "[CP] Check Pods Manifest.lock";
			outputFileListPaths = (
			);
			outputPaths = (
				"$(DERIVED_FILE_DIR)/Pods-AppChallenge-checkManifestLockResult.txt",
			);
			runOnlyForDeploymentPostprocessing = 0;
			shellPath = /bin/sh;
			shellScript = "diff \"${PODS_PODFILE_DIR_PATH}/Podfile.lock\" \"${PODS_ROOT}/Manifest.lock\" > /dev/null\nif [ $? != 0 ] ; then\n    # print error to STDERR\n    echo \"error: The sandbox is not in sync with the Podfile.lock. Run 'pod install' or update your CocoaPods installation.\" >&2\n    exit 1\nfi\n# This output is used by Xcode 'outputs' to avoid re-running this script phase.\necho \"SUCCESS\" > \"${SCRIPT_OUTPUT_FILE_0}\"\n";
			showEnvVarsInLog = 0;
		};
		7DBBA10ACDBD3CAFB207667F /* [CP] Embed Pods Frameworks */ = {
			isa = PBXShellScriptBuildPhase;
			buildActionMask = 2147483647;
			files = (
			);
			inputFileListPaths = (
				"${PODS_ROOT}/Target Support Files/Pods-AppChallengeTests/Pods-AppChallengeTests-frameworks-${CONFIGURATION}-input-files.xcfilelist",
			);
			name = "[CP] Embed Pods Frameworks";
			outputFileListPaths = (
				"${PODS_ROOT}/Target Support Files/Pods-AppChallengeTests/Pods-AppChallengeTests-frameworks-${CONFIGURATION}-output-files.xcfilelist",
			);
			runOnlyForDeploymentPostprocessing = 0;
			shellPath = /bin/sh;
			shellScript = "\"${PODS_ROOT}/Target Support Files/Pods-AppChallengeTests/Pods-AppChallengeTests-frameworks.sh\"\n";
			showEnvVarsInLog = 0;
		};
		953A460C8D007F658D4824D6 /* [CP] Embed Pods Frameworks */ = {
			isa = PBXShellScriptBuildPhase;
			buildActionMask = 2147483647;
			files = (
			);
			inputFileListPaths = (
				"${PODS_ROOT}/Target Support Files/Pods-AppChallengeUITests/Pods-AppChallengeUITests-frameworks-${CONFIGURATION}-input-files.xcfilelist",
			);
			name = "[CP] Embed Pods Frameworks";
			outputFileListPaths = (
				"${PODS_ROOT}/Target Support Files/Pods-AppChallengeUITests/Pods-AppChallengeUITests-frameworks-${CONFIGURATION}-output-files.xcfilelist",
			);
			runOnlyForDeploymentPostprocessing = 0;
			shellPath = /bin/sh;
			shellScript = "\"${PODS_ROOT}/Target Support Files/Pods-AppChallengeUITests/Pods-AppChallengeUITests-frameworks.sh\"\n";
			showEnvVarsInLog = 0;
		};
		9D81354B0FD74C2D8DFA0C31 /* [CP] Check Pods Manifest.lock */ = {
			isa = PBXShellScriptBuildPhase;
			buildActionMask = 2147483647;
			files = (
			);
			inputFileListPaths = (
			);
			inputPaths = (
				"${PODS_PODFILE_DIR_PATH}/Podfile.lock",
				"${PODS_ROOT}/Manifest.lock",
			);
			name = "[CP] Check Pods Manifest.lock";
			outputFileListPaths = (
			);
			outputPaths = (
				"$(DERIVED_FILE_DIR)/Pods-AppChallengeUITests-checkManifestLockResult.txt",
			);
			runOnlyForDeploymentPostprocessing = 0;
			shellPath = /bin/sh;
			shellScript = "diff \"${PODS_PODFILE_DIR_PATH}/Podfile.lock\" \"${PODS_ROOT}/Manifest.lock\" > /dev/null\nif [ $? != 0 ] ; then\n    # print error to STDERR\n    echo \"error: The sandbox is not in sync with the Podfile.lock. Run 'pod install' or update your CocoaPods installation.\" >&2\n    exit 1\nfi\n# This output is used by Xcode 'outputs' to avoid re-running this script phase.\necho \"SUCCESS\" > \"${SCRIPT_OUTPUT_FILE_0}\"\n";
			showEnvVarsInLog = 0;
		};
		DB50B181EFB9415DA1D27CFF /* [CP] Embed Pods Frameworks */ = {
			isa = PBXShellScriptBuildPhase;
			buildActionMask = 2147483647;
			files = (
			);
			inputFileListPaths = (
				"${PODS_ROOT}/Target Support Files/Pods-AppChallenge/Pods-AppChallenge-frameworks-${CONFIGURATION}-input-files.xcfilelist",
			);
			name = "[CP] Embed Pods Frameworks";
			outputFileListPaths = (
				"${PODS_ROOT}/Target Support Files/Pods-AppChallenge/Pods-AppChallenge-frameworks-${CONFIGURATION}-output-files.xcfilelist",
			);
			runOnlyForDeploymentPostprocessing = 0;
			shellPath = /bin/sh;
			shellScript = "\"${PODS_ROOT}/Target Support Files/Pods-AppChallenge/Pods-AppChallenge-frameworks.sh\"\n";
			showEnvVarsInLog = 0;
		};
		FA0239BF72B9D21F27C16593 /* [CP] Check Pods Manifest.lock */ = {
			isa = PBXShellScriptBuildPhase;
			buildActionMask = 2147483647;
			files = (
			);
			inputFileListPaths = (
			);
			inputPaths = (
				"${PODS_PODFILE_DIR_PATH}/Podfile.lock",
				"${PODS_ROOT}/Manifest.lock",
			);
			name = "[CP] Check Pods Manifest.lock";
			outputFileListPaths = (
			);
			outputPaths = (
				"$(DERIVED_FILE_DIR)/Pods-AppChallengeTests-checkManifestLockResult.txt",
			);
			runOnlyForDeploymentPostprocessing = 0;
			shellPath = /bin/sh;
			shellScript = "diff \"${PODS_PODFILE_DIR_PATH}/Podfile.lock\" \"${PODS_ROOT}/Manifest.lock\" > /dev/null\nif [ $? != 0 ] ; then\n    # print error to STDERR\n    echo \"error: The sandbox is not in sync with the Podfile.lock. Run 'pod install' or update your CocoaPods installation.\" >&2\n    exit 1\nfi\n# This output is used by Xcode 'outputs' to avoid re-running this script phase.\necho \"SUCCESS\" > \"${SCRIPT_OUTPUT_FILE_0}\"\n";
			showEnvVarsInLog = 0;
		};
/* End PBXShellScriptBuildPhase section */

/* Begin PBXSourcesBuildPhase section */
		107D071C2639B1C300F2BCCC /* Sources */ = {
			isa = PBXSourcesBuildPhase;
			buildActionMask = 2147483647;
			files = (
				10740D18263B1DC5004DF4E6 /* WebService.swift in Sources */,
				107D07632639B24000F2BCCC /* LoginViewController.swift in Sources */,
				107D07BB2639C34C00F2BCCC /* R.generated.swift in Sources */,
				107D07F02639C80A00F2BCCC /* UIView+.swift in Sources */,
				107D07CF2639C48100F2BCCC /* Scene.swift in Sources */,
				10740CE0263B0D0E004DF4E6 /* DatabaseManager.swift in Sources */,
				10740D20263B1DFB004DF4E6 /* WebServiceError.swift in Sources */,
				107D07242639B1C300F2BCCC /* AppDelegate.swift in Sources */,
				10740D46263B20AC004DF4E6 /* HomeWebServiceType.swift in Sources */,
				10740D6B263B25D9004DF4E6 /* HomeAssembly.swift in Sources */,
				10740DD4263B3741004DF4E6 /* UserSectionModel.swift in Sources */,
				10740D2B263B1E31004DF4E6 /* APIErrorResponse.swift in Sources */,
				10740CD5263B0B04004DF4E6 /* BaseViewController.swift in Sources */,
				10740D4E263B2101004DF4E6 /* UserResponse.swift in Sources */,
				107D07AC2639B68900F2BCCC /* BindableType.swift in Sources */,
				107D07C22639C3BF00F2BCCC /* SharedAssembler.swift in Sources */,
				10740D3E263B1FB5004DF4E6 /* APIConstants.swift in Sources */,
				10740D33263B1F4D004DF4E6 /* HomeAPI.swift in Sources */,
				107D07EA2639C76900F2BCCC /* TextFieldViewModel.swift in Sources */,
				10740D70263B2600004DF4E6 /* ServicesAssembly.swift in Sources */,
				10740D65263B24EA004DF4E6 /* UserDetailsViewModel.swift in Sources */,
				107D07AB2639B68900F2BCCC /* NibLoadable.swift in Sources */,
				107D07DD2639C53B00F2BCCC /* LoginViewModel.swift in Sources */,
				107D07CA2639C3EE00F2BCCC /* LoginAssembly.swift in Sources */,
				10740DEA263B382B004DF4E6 /* UserTableCellViewModel.swift in Sources */,
				107D07862639B50600F2BCCC /* TextFieldView.swift in Sources */,
				10740D56263B24AB004DF4E6 /* UserViewController.swift in Sources */,
				10740CFA263B13F3004DF4E6 /* Person.swift in Sources */,
				10740D7D263B2CF4004DF4E6 /* AppInfoHelper.swift in Sources */,
				107D07D42639C49500F2BCCC /* Scene+UIViewController.swift in Sources */,
				10740D78263B26E0004DF4E6 /* UserNavigationController.swift in Sources */,
				10740D60263B24DA004DF4E6 /* UserViewModel.swift in Sources */,
				10740DDD263B37E1004DF4E6 /* UserTableViewCell.swift in Sources */,
				10740CDA263B0B86004DF4E6 /* UIAlertController+.swift in Sources */,
			);
			runOnlyForDeploymentPostprocessing = 0;
		};
		107D07322639B1C500F2BCCC /* Sources */ = {
			isa = PBXSourcesBuildPhase;
			buildActionMask = 2147483647;
			files = (
			);
			runOnlyForDeploymentPostprocessing = 0;
		};
		107D073D2639B1C500F2BCCC /* Sources */ = {
			isa = PBXSourcesBuildPhase;
			buildActionMask = 2147483647;
			files = (
				107D07462639B1C500F2BCCC /* AppChallengeUITests.swift in Sources */,
			);
			runOnlyForDeploymentPostprocessing = 0;
		};
/* End PBXSourcesBuildPhase section */

/* Begin PBXTargetDependency section */
		107D07382639B1C500F2BCCC /* PBXTargetDependency */ = {
			isa = PBXTargetDependency;
			target = 107D071F2639B1C300F2BCCC /* AppChallenge */;
			targetProxy = 107D07372639B1C500F2BCCC /* PBXContainerItemProxy */;
		};
		107D07432639B1C500F2BCCC /* PBXTargetDependency */ = {
			isa = PBXTargetDependency;
			target = 107D071F2639B1C300F2BCCC /* AppChallenge */;
			targetProxy = 107D07422639B1C500F2BCCC /* PBXContainerItemProxy */;
		};
/* End PBXTargetDependency section */

/* Begin PBXVariantGroup section */
		107D072E2639B1C500F2BCCC /* LaunchScreen.storyboard */ = {
			isa = PBXVariantGroup;
			children = (
				107D072F2639B1C500F2BCCC /* Base */,
			);
			name = LaunchScreen.storyboard;
			sourceTree = "<group>";
		};
/* End PBXVariantGroup section */

/* Begin XCBuildConfiguration section */
		107D07482639B1C500F2BCCC /* Debug */ = {
			isa = XCBuildConfiguration;
			buildSettings = {
				ALWAYS_SEARCH_USER_PATHS = NO;
				CLANG_ANALYZER_NONNULL = YES;
				CLANG_ANALYZER_NUMBER_OBJECT_CONVERSION = YES_AGGRESSIVE;
				CLANG_CXX_LANGUAGE_STANDARD = "gnu++14";
				CLANG_CXX_LIBRARY = "libc++";
				CLANG_ENABLE_MODULES = YES;
				CLANG_ENABLE_OBJC_ARC = YES;
				CLANG_ENABLE_OBJC_WEAK = YES;
				CLANG_WARN_BLOCK_CAPTURE_AUTORELEASING = YES;
				CLANG_WARN_BOOL_CONVERSION = YES;
				CLANG_WARN_COMMA = YES;
				CLANG_WARN_CONSTANT_CONVERSION = YES;
				CLANG_WARN_DEPRECATED_OBJC_IMPLEMENTATIONS = YES;
				CLANG_WARN_DIRECT_OBJC_ISA_USAGE = YES_ERROR;
				CLANG_WARN_DOCUMENTATION_COMMENTS = YES;
				CLANG_WARN_EMPTY_BODY = YES;
				CLANG_WARN_ENUM_CONVERSION = YES;
				CLANG_WARN_INFINITE_RECURSION = YES;
				CLANG_WARN_INT_CONVERSION = YES;
				CLANG_WARN_NON_LITERAL_NULL_CONVERSION = YES;
				CLANG_WARN_OBJC_IMPLICIT_RETAIN_SELF = YES;
				CLANG_WARN_OBJC_LITERAL_CONVERSION = YES;
				CLANG_WARN_OBJC_ROOT_CLASS = YES_ERROR;
				CLANG_WARN_QUOTED_INCLUDE_IN_FRAMEWORK_HEADER = YES;
				CLANG_WARN_RANGE_LOOP_ANALYSIS = YES;
				CLANG_WARN_STRICT_PROTOTYPES = YES;
				CLANG_WARN_SUSPICIOUS_MOVE = YES;
				CLANG_WARN_UNGUARDED_AVAILABILITY = YES_AGGRESSIVE;
				CLANG_WARN_UNREACHABLE_CODE = YES;
				CLANG_WARN__DUPLICATE_METHOD_MATCH = YES;
				COPY_PHASE_STRIP = NO;
				DEBUG_INFORMATION_FORMAT = dwarf;
				ENABLE_STRICT_OBJC_MSGSEND = YES;
				ENABLE_TESTABILITY = YES;
				GCC_C_LANGUAGE_STANDARD = gnu11;
				GCC_DYNAMIC_NO_PIC = NO;
				GCC_NO_COMMON_BLOCKS = YES;
				GCC_OPTIMIZATION_LEVEL = 0;
				GCC_PREPROCESSOR_DEFINITIONS = (
					"DEBUG=1",
					"$(inherited)",
				);
				GCC_WARN_64_TO_32_BIT_CONVERSION = YES;
				GCC_WARN_ABOUT_RETURN_TYPE = YES_ERROR;
				GCC_WARN_UNDECLARED_SELECTOR = YES;
				GCC_WARN_UNINITIALIZED_AUTOS = YES_AGGRESSIVE;
				GCC_WARN_UNUSED_FUNCTION = YES;
				GCC_WARN_UNUSED_VARIABLE = YES;
				IPHONEOS_DEPLOYMENT_TARGET = 12.1;
				MTL_ENABLE_DEBUG_INFO = INCLUDE_SOURCE;
				MTL_FAST_MATH = YES;
				ONLY_ACTIVE_ARCH = YES;
				SDKROOT = iphoneos;
				SWIFT_ACTIVE_COMPILATION_CONDITIONS = DEBUG;
				SWIFT_OPTIMIZATION_LEVEL = "-Onone";
			};
			name = Debug;
		};
		107D07492639B1C600F2BCCC /* Release */ = {
			isa = XCBuildConfiguration;
			buildSettings = {
				ALWAYS_SEARCH_USER_PATHS = NO;
				CLANG_ANALYZER_NONNULL = YES;
				CLANG_ANALYZER_NUMBER_OBJECT_CONVERSION = YES_AGGRESSIVE;
				CLANG_CXX_LANGUAGE_STANDARD = "gnu++14";
				CLANG_CXX_LIBRARY = "libc++";
				CLANG_ENABLE_MODULES = YES;
				CLANG_ENABLE_OBJC_ARC = YES;
				CLANG_ENABLE_OBJC_WEAK = YES;
				CLANG_WARN_BLOCK_CAPTURE_AUTORELEASING = YES;
				CLANG_WARN_BOOL_CONVERSION = YES;
				CLANG_WARN_COMMA = YES;
				CLANG_WARN_CONSTANT_CONVERSION = YES;
				CLANG_WARN_DEPRECATED_OBJC_IMPLEMENTATIONS = YES;
				CLANG_WARN_DIRECT_OBJC_ISA_USAGE = YES_ERROR;
				CLANG_WARN_DOCUMENTATION_COMMENTS = YES;
				CLANG_WARN_EMPTY_BODY = YES;
				CLANG_WARN_ENUM_CONVERSION = YES;
				CLANG_WARN_INFINITE_RECURSION = YES;
				CLANG_WARN_INT_CONVERSION = YES;
				CLANG_WARN_NON_LITERAL_NULL_CONVERSION = YES;
				CLANG_WARN_OBJC_IMPLICIT_RETAIN_SELF = YES;
				CLANG_WARN_OBJC_LITERAL_CONVERSION = YES;
				CLANG_WARN_OBJC_ROOT_CLASS = YES_ERROR;
				CLANG_WARN_QUOTED_INCLUDE_IN_FRAMEWORK_HEADER = YES;
				CLANG_WARN_RANGE_LOOP_ANALYSIS = YES;
				CLANG_WARN_STRICT_PROTOTYPES = YES;
				CLANG_WARN_SUSPICIOUS_MOVE = YES;
				CLANG_WARN_UNGUARDED_AVAILABILITY = YES_AGGRESSIVE;
				CLANG_WARN_UNREACHABLE_CODE = YES;
				CLANG_WARN__DUPLICATE_METHOD_MATCH = YES;
				COPY_PHASE_STRIP = NO;
				DEBUG_INFORMATION_FORMAT = "dwarf-with-dsym";
				ENABLE_NS_ASSERTIONS = NO;
				ENABLE_STRICT_OBJC_MSGSEND = YES;
				GCC_C_LANGUAGE_STANDARD = gnu11;
				GCC_NO_COMMON_BLOCKS = YES;
				GCC_WARN_64_TO_32_BIT_CONVERSION = YES;
				GCC_WARN_ABOUT_RETURN_TYPE = YES_ERROR;
				GCC_WARN_UNDECLARED_SELECTOR = YES;
				GCC_WARN_UNINITIALIZED_AUTOS = YES_AGGRESSIVE;
				GCC_WARN_UNUSED_FUNCTION = YES;
				GCC_WARN_UNUSED_VARIABLE = YES;
				IPHONEOS_DEPLOYMENT_TARGET = 12.1;
				MTL_ENABLE_DEBUG_INFO = NO;
				MTL_FAST_MATH = YES;
				SDKROOT = iphoneos;
				SWIFT_COMPILATION_MODE = wholemodule;
				SWIFT_OPTIMIZATION_LEVEL = "-O";
				VALIDATE_PRODUCT = YES;
			};
			name = Release;
		};
		107D074B2639B1C600F2BCCC /* Debug */ = {
			isa = XCBuildConfiguration;
			baseConfigurationReference = 939BAA715CF1EBC34EAF69D7 /* Pods-AppChallenge.debug.xcconfig */;
			buildSettings = {
				ASSETCATALOG_COMPILER_APPICON_NAME = AppIcon;
				ASSETCATALOG_COMPILER_GLOBAL_ACCENT_COLOR_NAME = AccentColor;
				CODE_SIGN_STYLE = Automatic;
				INFOPLIST_FILE = AppChallenge/Info.plist;
				IPHONEOS_DEPLOYMENT_TARGET = 12.1;
				LD_RUNPATH_SEARCH_PATHS = (
					"$(inherited)",
					"@executable_path/Frameworks",
				);
				PRODUCT_BUNDLE_IDENTIFIER = com.tric.AppChallenge;
				PRODUCT_NAME = "$(TARGET_NAME)";
				SWIFT_VERSION = 5.0;
				TARGETED_DEVICE_FAMILY = 1;
			};
			name = Debug;
		};
		107D074C2639B1C600F2BCCC /* Release */ = {
			isa = XCBuildConfiguration;
			baseConfigurationReference = B41455EC4670C48E8006950B /* Pods-AppChallenge.release.xcconfig */;
			buildSettings = {
				ASSETCATALOG_COMPILER_APPICON_NAME = AppIcon;
				ASSETCATALOG_COMPILER_GLOBAL_ACCENT_COLOR_NAME = AccentColor;
				CODE_SIGN_STYLE = Automatic;
				INFOPLIST_FILE = AppChallenge/Info.plist;
				IPHONEOS_DEPLOYMENT_TARGET = 12.1;
				LD_RUNPATH_SEARCH_PATHS = (
					"$(inherited)",
					"@executable_path/Frameworks",
				);
				PRODUCT_BUNDLE_IDENTIFIER = com.tric.AppChallenge;
				PRODUCT_NAME = "$(TARGET_NAME)";
				SWIFT_VERSION = 5.0;
				TARGETED_DEVICE_FAMILY = 1;
			};
			name = Release;
		};
		107D074E2639B1C600F2BCCC /* Debug */ = {
			isa = XCBuildConfiguration;
			baseConfigurationReference = 1D548C5677875133D4A1E320 /* Pods-AppChallengeTests.debug.xcconfig */;
			buildSettings = {
				ALWAYS_EMBED_SWIFT_STANDARD_LIBRARIES = YES;
				BUNDLE_LOADER = "$(TEST_HOST)";
				CODE_SIGN_STYLE = Automatic;
				INFOPLIST_FILE = AppChallengeTests/Info.plist;
				IPHONEOS_DEPLOYMENT_TARGET = 14.4;
				LD_RUNPATH_SEARCH_PATHS = (
					"$(inherited)",
					"@executable_path/Frameworks",
					"@loader_path/Frameworks",
				);
				PRODUCT_BUNDLE_IDENTIFIER = com.tric.AppChallengeTests;
				PRODUCT_NAME = "$(TARGET_NAME)";
				SWIFT_VERSION = 5.0;
				TARGETED_DEVICE_FAMILY = "1,2";
				TEST_HOST = "$(BUILT_PRODUCTS_DIR)/AppChallenge.app/AppChallenge";
			};
			name = Debug;
		};
		107D074F2639B1C600F2BCCC /* Release */ = {
			isa = XCBuildConfiguration;
			baseConfigurationReference = 7AFB0FD78BB59900D55F62A6 /* Pods-AppChallengeTests.release.xcconfig */;
			buildSettings = {
				ALWAYS_EMBED_SWIFT_STANDARD_LIBRARIES = YES;
				BUNDLE_LOADER = "$(TEST_HOST)";
				CODE_SIGN_STYLE = Automatic;
				INFOPLIST_FILE = AppChallengeTests/Info.plist;
				IPHONEOS_DEPLOYMENT_TARGET = 14.4;
				LD_RUNPATH_SEARCH_PATHS = (
					"$(inherited)",
					"@executable_path/Frameworks",
					"@loader_path/Frameworks",
				);
				PRODUCT_BUNDLE_IDENTIFIER = com.tric.AppChallengeTests;
				PRODUCT_NAME = "$(TARGET_NAME)";
				SWIFT_VERSION = 5.0;
				TARGETED_DEVICE_FAMILY = "1,2";
				TEST_HOST = "$(BUILT_PRODUCTS_DIR)/AppChallenge.app/AppChallenge";
			};
			name = Release;
		};
		107D07512639B1C600F2BCCC /* Debug */ = {
			isa = XCBuildConfiguration;
			baseConfigurationReference = B6F8268DB5E7A52400CAED0C /* Pods-AppChallengeUITests.debug.xcconfig */;
			buildSettings = {
				ALWAYS_EMBED_SWIFT_STANDARD_LIBRARIES = YES;
				CODE_SIGN_STYLE = Automatic;
				INFOPLIST_FILE = AppChallengeUITests/Info.plist;
				LD_RUNPATH_SEARCH_PATHS = (
					"$(inherited)",
					"@executable_path/Frameworks",
					"@loader_path/Frameworks",
				);
				PRODUCT_BUNDLE_IDENTIFIER = com.tric.AppChallengeUITests;
				PRODUCT_NAME = "$(TARGET_NAME)";
				SWIFT_VERSION = 5.0;
				TARGETED_DEVICE_FAMILY = "1,2";
				TEST_TARGET_NAME = AppChallenge;
			};
			name = Debug;
		};
		107D07522639B1C600F2BCCC /* Release */ = {
			isa = XCBuildConfiguration;
			baseConfigurationReference = A713209B406B8546B91AED01 /* Pods-AppChallengeUITests.release.xcconfig */;
			buildSettings = {
				ALWAYS_EMBED_SWIFT_STANDARD_LIBRARIES = YES;
				CODE_SIGN_STYLE = Automatic;
				INFOPLIST_FILE = AppChallengeUITests/Info.plist;
				LD_RUNPATH_SEARCH_PATHS = (
					"$(inherited)",
					"@executable_path/Frameworks",
					"@loader_path/Frameworks",
				);
				PRODUCT_BUNDLE_IDENTIFIER = com.tric.AppChallengeUITests;
				PRODUCT_NAME = "$(TARGET_NAME)";
				SWIFT_VERSION = 5.0;
				TARGETED_DEVICE_FAMILY = "1,2";
				TEST_TARGET_NAME = AppChallenge;
			};
			name = Release;
		};
/* End XCBuildConfiguration section */

/* Begin XCConfigurationList section */
		107D071B2639B1C300F2BCCC /* Build configuration list for PBXProject "AppChallenge" */ = {
			isa = XCConfigurationList;
			buildConfigurations = (
				107D07482639B1C500F2BCCC /* Debug */,
				107D07492639B1C600F2BCCC /* Release */,
			);
			defaultConfigurationIsVisible = 0;
			defaultConfigurationName = Release;
		};
		107D074A2639B1C600F2BCCC /* Build configuration list for PBXNativeTarget "AppChallenge" */ = {
			isa = XCConfigurationList;
			buildConfigurations = (
				107D074B2639B1C600F2BCCC /* Debug */,
				107D074C2639B1C600F2BCCC /* Release */,
			);
			defaultConfigurationIsVisible = 0;
			defaultConfigurationName = Release;
		};
		107D074D2639B1C600F2BCCC /* Build configuration list for PBXNativeTarget "AppChallengeTests" */ = {
			isa = XCConfigurationList;
			buildConfigurations = (
				107D074E2639B1C600F2BCCC /* Debug */,
				107D074F2639B1C600F2BCCC /* Release */,
			);
			defaultConfigurationIsVisible = 0;
			defaultConfigurationName = Release;
		};
		107D07502639B1C600F2BCCC /* Build configuration list for PBXNativeTarget "AppChallengeUITests" */ = {
			isa = XCConfigurationList;
			buildConfigurations = (
				107D07512639B1C600F2BCCC /* Debug */,
				107D07522639B1C600F2BCCC /* Release */,
			);
			defaultConfigurationIsVisible = 0;
			defaultConfigurationName = Release;
		};
/* End XCConfigurationList section */
	};
	rootObject = 107D07182639B1C300F2BCCC /* Project object */;
}
